
Microsoft Visual Studio Solution File, Format Version 12.00
# Visual Studio Version 17
VisualStudioVersion = 17.11.35222.181
MinimumVisualStudioVersion = 10.0.40219.1
Project("{FAE04EC0-301F-11D3-BF4B-00C04F79EFBC}") = "Ormen", "Ormen.csproj", "{18ED3272-00D3-4762-A96E-C12444DD640D}"
EndProject
Global
	GlobalSection(SolutionConfigurationPlatforms) = preSolution
		Debug|Any CPU = Debug|Any CPU
		Release|Any CPU = Release|Any CPU
	EndGlobalSection
	GlobalSection(ProjectConfigurationPlatforms) = postSolution
		{18ED3272-00D3-4762-A96E-C12444DD640D}.Debug|Any CPU.ActiveCfg = Debug|Any CPU
		{18ED3272-00D3-4762-A96E-C12444DD640D}.Debug|Any CPU.Build.0 = Debug|Any CPU
		{18ED3272-00D3-4762-A96E-C12444DD640D}.Release|Any CPU.ActiveCfg = Release|Any CPU
		{18ED3272-00D3-4762-A96E-C12444DD640D}.Release|Any CPU.Build.0 = Release|Any CPU
	EndGlobalSection
	GlobalSection(SolutionProperties) = preSolution
		HideSolutionNode = FALSE
	EndGlobalSection
	GlobalSection(ExtensibilityGlobals) = postSolution
		SolutionGuid = {8E1818FF-D2E2-417D-B812-1B5B7B754E5F}
	EndGlobalSection
EndGlobal
